// !$*UTF8*$!
{
	archiveVersion = 1;
	classes = {
	};
	objectVersion = 46;
	objects = {

/* Begin PBXBuildFile section */
		BCAF07761E9783DD0032DC9D /* AppDelegate.swift in Sources */ = {isa = PBXBuildFile; fileRef = BCAF07751E9783DD0032DC9D /* AppDelegate.swift */; };
		BCAF07781E9783DD0032DC9D /* ViewController.swift in Sources */ = {isa = PBXBuildFile; fileRef = BCAF07771E9783DD0032DC9D /* ViewController.swift */; };
		BCAF077B1E9783DD0032DC9D /* Main.storyboard in Resources */ = {isa = PBXBuildFile; fileRef = BCAF07791E9783DD0032DC9D /* Main.storyboard */; };
		BCAF077D1E9783DD0032DC9D /* Assets.xcassets in Resources */ = {isa = PBXBuildFile; fileRef = BCAF077C1E9783DD0032DC9D /* Assets.xcassets */; };
		BCAF07801E9783DD0032DC9D /* LaunchScreen.storyboard in Resources */ = {isa = PBXBuildFile; fileRef = BCAF077E1E9783DD0032DC9D /* LaunchScreen.storyboard */; };
		BCAF07961E9785C80032DC9D /* PhotoLibraryHelper.swift in Sources */ = {isa = PBXBuildFile; fileRef = BCAF07951E9785C80032DC9D /* PhotoLibraryHelper.swift */; };
		BCCA1DD21E9B0B8B00109D8B /* PhotoLibraryHelperTests.swift in Sources */ = {isa = PBXBuildFile; fileRef = BCCA1DD11E9B0B8B00109D8B /* PhotoLibraryHelperTests.swift */; };
/* End PBXBuildFile section */

/* Begin PBXContainerItemProxy section */
		BCAF07871E9783DE0032DC9D /* PBXContainerItemProxy */ = {
			isa = PBXContainerItemProxy;
			containerPortal = BCAF076A1E9783DD0032DC9D /* Project object */;
			proxyType = 1;
			remoteGlobalIDString = BCAF07711E9783DD0032DC9D;
			remoteInfo = "ios-photo-library-demo";
		};
/* End PBXContainerItemProxy section */

/* Begin PBXFileReference section */
		BCAF07721E9783DD0032DC9D /* ios-photo-library-demo.app */ = {isa = PBXFileReference; explicitFileType = wrapper.application; includeInIndex = 0; path = "ios-photo-library-demo.app"; sourceTree = BUILT_PRODUCTS_DIR; };
		BCAF07751E9783DD0032DC9D /* AppDelegate.swift */ = {isa = PBXFileReference; lastKnownFileType = sourcecode.swift; path = AppDelegate.swift; sourceTree = "<group>"; };
		BCAF07771E9783DD0032DC9D /* ViewController.swift */ = {isa = PBXFileReference; lastKnownFileType = sourcecode.swift; path = ViewController.swift; sourceTree = "<group>"; };
		BCAF077A1E9783DD0032DC9D /* Base */ = {isa = PBXFileReference; lastKnownFileType = file.storyboard; name = Base; path = Base.lproj/Main.storyboard; sourceTree = "<group>"; };
		BCAF077C1E9783DD0032DC9D /* Assets.xcassets */ = {isa = PBXFileReference; lastKnownFileType = folder.assetcatalog; path = Assets.xcassets; sourceTree = "<group>"; };
		BCAF077F1E9783DD0032DC9D /* Base */ = {isa = PBXFileReference; lastKnownFileType = file.storyboard; name = Base; path = Base.lproj/LaunchScreen.storyboard; sourceTree = "<group>"; };
		BCAF07811E9783DD0032DC9D /* Info.plist */ = {isa = PBXFileReference; lastKnownFileType = text.plist.xml; path = Info.plist; sourceTree = "<group>"; };
		BCAF07861E9783DE0032DC9D /* ios-photo-library-demoTests.xctest */ = {isa = PBXFileReference; explicitFileType = wrapper.cfbundle; includeInIndex = 0; path = "ios-photo-library-demoTests.xctest"; sourceTree = BUILT_PRODUCTS_DIR; };
		BCAF078C1E9783DE0032DC9D /* Info.plist */ = {isa = PBXFileReference; lastKnownFileType = text.plist.xml; path = Info.plist; sourceTree = "<group>"; };
		BCAF07951E9785C80032DC9D /* PhotoLibraryHelper.swift */ = {isa = PBXFileReference; fileEncoding = 4; lastKnownFileType = sourcecode.swift; path = PhotoLibraryHelper.swift; sourceTree = "<group>"; };
		BCCA1DD11E9B0B8B00109D8B /* PhotoLibraryHelperTests.swift */ = {isa = PBXFileReference; fileEncoding = 4; lastKnownFileType = sourcecode.swift; path = PhotoLibraryHelperTests.swift; sourceTree = "<group>"; };
/* End PBXFileReference section */

/* Begin PBXFrameworksBuildPhase section */
		BCAF076F1E9783DD0032DC9D /* Frameworks */ = {
			isa = PBXFrameworksBuildPhase;
			buildActionMask = 2147483647;
			files = (
			);
			runOnlyForDeploymentPostprocessing = 0;
		};
		BCAF07831E9783DE0032DC9D /* Frameworks */ = {
			isa = PBXFrameworksBuildPhase;
			buildActionMask = 2147483647;
			files = (
			);
			runOnlyForDeploymentPostprocessing = 0;
		};
/* End PBXFrameworksBuildPhase section */

/* Begin PBXGroup section */
		BCAF07691E9783DD0032DC9D = {
			isa = PBXGroup;
			children = (
				BCAF07731E9783DD0032DC9D /* Products */,
				BCAF07741E9783DD0032DC9D /* ios-photo-library-demo */,
				BCAF07891E9783DE0032DC9D /* ios-photo-library-demoTests */,
			);
			sourceTree = "<group>";
		};
		BCAF07731E9783DD0032DC9D /* Products */ = {
			isa = PBXGroup;
			children = (
				BCAF07721E9783DD0032DC9D /* ios-photo-library-demo.app */,
				BCAF07861E9783DE0032DC9D /* ios-photo-library-demoTests.xctest */,
			);
			name = Products;
			sourceTree = "<group>";
		};
		BCAF07741E9783DD0032DC9D /* ios-photo-library-demo */ = {
			isa = PBXGroup;
			children = (
				BCAF07981E9B06280032DC9D /* Controllers */,
				BCAF07971E9B061E0032DC9D /* Helpers */,
				BCAF07991E9B06360032DC9D /* Others */,
				BCAF07811E9783DD0032DC9D /* Info.plist */,
			);
			path = "ios-photo-library-demo";
			sourceTree = "<group>";
		};
		BCAF07891E9783DE0032DC9D /* ios-photo-library-demoTests */ = {
			isa = PBXGroup;
			children = (
				BCCA1DD01E9B0B7100109D8B /* Helpers */,
				BCAF078C1E9783DE0032DC9D /* Info.plist */,
			);
			path = "ios-photo-library-demoTests";
			sourceTree = "<group>";
		};
		BCAF07971E9B061E0032DC9D /* Helpers */ = {
			isa = PBXGroup;
			children = (
				BCAF07951E9785C80032DC9D /* PhotoLibraryHelper.swift */,
			);
			path = Helpers;
			sourceTree = "<group>";
		};
		BCAF07981E9B06280032DC9D /* Controllers */ = {
			isa = PBXGroup;
			children = (
				BCAF07791E9783DD0032DC9D /* Main.storyboard */,
				BCAF07771E9783DD0032DC9D /* ViewController.swift */,
			);
			path = Controllers;
			sourceTree = "<group>";
		};
		BCAF07991E9B06360032DC9D /* Others */ = {
			isa = PBXGroup;
			children = (
				BCAF07751E9783DD0032DC9D /* AppDelegate.swift */,
				BCAF077C1E9783DD0032DC9D /* Assets.xcassets */,
				BCAF077E1E9783DD0032DC9D /* LaunchScreen.storyboard */,
			);
			path = Others;
			sourceTree = "<group>";
		};
		BCCA1DD01E9B0B7100109D8B /* Helpers */ = {
			isa = PBXGroup;
			children = (
				BCCA1DD11E9B0B8B00109D8B /* PhotoLibraryHelperTests.swift */,
			);
			name = Helpers;
			path = Helpers;
			sourceTree = "<group>";
		};
/* End PBXGroup section */

/* Begin PBXNativeTarget section */
		BCAF07711E9783DD0032DC9D /* ios-photo-library-demo */ = {
			isa = PBXNativeTarget;
			buildConfigurationList = BCAF078F1E9783DE0032DC9D /* Build configuration list for PBXNativeTarget "ios-photo-library-demo" */;
			buildPhases = (
				BCAF076E1E9783DD0032DC9D /* Sources */,
				BCAF076F1E9783DD0032DC9D /* Frameworks */,
				BCAF07701E9783DD0032DC9D /* Resources */,
			);
			buildRules = (
			);
			dependencies = (
			);
			name = "ios-photo-library-demo";
			productName = "ios-photo-library-demo";
			productReference = BCAF07721E9783DD0032DC9D /* ios-photo-library-demo.app */;
			productType = "com.apple.product-type.application";
		};
		BCAF07851E9783DE0032DC9D /* ios-photo-library-demoTests */ = {
			isa = PBXNativeTarget;
			buildConfigurationList = BCAF07921E9783DE0032DC9D /* Build configuration list for PBXNativeTarget "ios-photo-library-demoTests" */;
			buildPhases = (
				BCAF07821E9783DE0032DC9D /* Sources */,
				BCAF07831E9783DE0032DC9D /* Frameworks */,
				BCAF07841E9783DE0032DC9D /* Resources */,
			);
			buildRules = (
			);
			dependencies = (
				BCAF07881E9783DE0032DC9D /* PBXTargetDependency */,
			);
			name = "ios-photo-library-demoTests";
			productName = "ios-photo-library-demoTests";
			productReference = BCAF07861E9783DE0032DC9D /* ios-photo-library-demoTests.xctest */;
			productType = "com.apple.product-type.bundle.unit-test";
		};
/* End PBXNativeTarget section */

/* Begin PBXProject section */
		BCAF076A1E9783DD0032DC9D /* Project object */ = {
			isa = PBXProject;
			attributes = {
				LastSwiftUpdateCheck = 0830;
				LastUpgradeCheck = 0830;
				ORGANIZATIONNAME = "Eiji Kushida";
				TargetAttributes = {
					BCAF07711E9783DD0032DC9D = {
						CreatedOnToolsVersion = 8.3;
						DevelopmentTeam = PCCZJUYRT6;
						ProvisioningStyle = Automatic;
					};
					BCAF07851E9783DE0032DC9D = {
						CreatedOnToolsVersion = 8.3;
						ProvisioningStyle = Automatic;
						TestTargetID = BCAF07711E9783DD0032DC9D;
					};
				};
			};
			buildConfigurationList = BCAF076D1E9783DD0032DC9D /* Build configuration list for PBXProject "ios-photo-library-demo" */;
			compatibilityVersion = "Xcode 3.2";
			developmentRegion = English;
			hasScannedForEncodings = 0;
			knownRegions = (
				en,
				Base,
			);
			mainGroup = BCAF07691E9783DD0032DC9D;
			productRefGroup = BCAF07731E9783DD0032DC9D /* Products */;
			projectDirPath = "";
			projectRoot = "";
			targets = (
				BCAF07711E9783DD0032DC9D /* ios-photo-library-demo */,
				BCAF07851E9783DE0032DC9D /* ios-photo-library-demoTests */,
			);
		};
/* End PBXProject section */

/* Begin PBXResourcesBuildPhase section */
		BCAF07701E9783DD0032DC9D /* Resources */ = {
			isa = PBXResourcesBuildPhase;
			buildActionMask = 2147483647;
			files = (
				BCAF07801E9783DD0032DC9D /* LaunchScreen.storyboard in Resources */,
				BCAF077D1E9783DD0032DC9D /* Assets.xcassets in Resources */,
				BCAF077B1E9783DD0032DC9D /* Main.storyboard in Resources */,
			);
			runOnlyForDeploymentPostprocessing = 0;
		};
		BCAF07841E9783DE0032DC9D /* Resources */ = {
			isa = PBXResourcesBuildPhase;
			buildActionMask = 2147483647;
			files = (
			);
			runOnlyForDeploymentPostprocessing = 0;
		};
/* End PBXResourcesBuildPhase section */

/* Begin PBXSourcesBuildPhase section */
		BCAF076E1E9783DD0032DC9D /* Sources */ = {
			isa = PBXSourcesBuildPhase;
			buildActionMask = 2147483647;
			files = (
				BCAF07781E9783DD0032DC9D /* ViewController.swift in Sources */,
				BCAF07961E9785C80032DC9D /* PhotoLibraryHelper.swift in Sources */,
				BCAF07761E9783DD0032DC9D /* AppDelegate.swift in Sources */,
			);
			runOnlyForDeploymentPostprocessing = 0;
		};
		BCAF07821E9783DE0032DC9D /* Sources */ = {
			isa = PBXSourcesBuildPhase;
			buildActionMask = 2147483647;
			files = (
				BCCA1DD21E9B0B8B00109D8B /* PhotoLibraryHelperTests.swift in Sources */,
			);
			runOnlyForDeploymentPostprocessing = 0;
		};
/* End PBXSourcesBuildPhase section */

/* Begin PBXTargetDependency section */
		BCAF07881E9783DE0032DC9D /* PBXTargetDependency */ = {
			isa = PBXTargetDependency;
			target = BCAF07711E9783DD0032DC9D /* ios-photo-library-demo */;
			targetProxy = BCAF07871E9783DE0032DC9D /* PBXContainerItemProxy */;
		};
/* End PBXTargetDependency section */

/* Begin PBXVariantGroup section */
		BCAF07791E9783DD0032DC9D /* Main.storyboard */ = {
			isa = PBXVariantGroup;
			children = (
				BCAF077A1E9783DD0032DC9D /* Base */,
			);
			name = Main.storyboard;
			path = .;
			sourceTree = "<group>";
		};
		BCAF077E1E9783DD0032DC9D /* LaunchScreen.storyboard */ = {
			isa = PBXVariantGroup;
			children = (
				BCAF077F1E9783DD0032DC9D /* Base */,
			);
			name = LaunchScreen.storyboard;
			path = .;
			sourceTree = "<group>";
		};
/* End PBXVariantGroup section */

/* Begin XCBuildConfiguration section */
		BCAF078D1E9783DE0032DC9D /* Debug */ = {
			isa = XCBuildConfiguration;
			buildSettings = {
				ALWAYS_SEARCH_USER_PATHS = NO;
				CLANG_ANALYZER_NONNULL = YES;
				CLANG_ANALYZER_NUMBER_OBJECT_CONVERSION = YES_AGGRESSIVE;
				CLANG_CXX_LANGUAGE_STANDARD = "gnu++0x";
				CLANG_CXX_LIBRARY = "libc++";
				CLANG_ENABLE_MODULES = YES;
				CLANG_ENABLE_OBJC_ARC = YES;
				CLANG_WARN_BOOL_CONVERSION = YES;
				CLANG_WARN_CONSTANT_CONVERSION = YES;
				CLANG_WARN_DIRECT_OBJC_ISA_USAGE = YES_ERROR;
				CLANG_WARN_DOCUMENTATION_COMMENTS = YES;
				CLANG_WARN_EMPTY_BODY = YES;
				CLANG_WARN_ENUM_CONVERSION = YES;
				CLANG_WARN_INFINITE_RECURSION = YES;
				CLANG_WARN_INT_CONVERSION = YES;
				CLANG_WARN_OBJC_ROOT_CLASS = YES_ERROR;
				CLANG_WARN_SUSPICIOUS_MOVE = YES;
				CLANG_WARN_UNREACHABLE_CODE = YES;
				CLANG_WARN__DUPLICATE_METHOD_MATCH = YES;
				"CODE_SIGN_IDENTITY[sdk=iphoneos*]" = "iPhone Developer";
				COPY_PHASE_STRIP = NO;
				DEBUG_INFORMATION_FORMAT = dwarf;
				ENABLE_STRICT_OBJC_MSGSEND = YES;
				ENABLE_TESTABILITY = YES;
				GCC_C_LANGUAGE_STANDARD = gnu99;
				GCC_DYNAMIC_NO_PIC = NO;
				GCC_NO_COMMON_BLOCKS = YES;
				GCC_OPTIMIZATION_LEVEL = 0;
				GCC_PREPROCESSOR_DEFINITIONS = (
					"DEBUG=1",
					"$(inherited)",
				);
				GCC_WARN_64_TO_32_BIT_CONVERSION = YES;
				GCC_WARN_ABOUT_RETURN_TYPE = YES_ERROR;
				GCC_WARN_UNDECLARED_SELECTOR = YES;
				GCC_WARN_UNINITIALIZED_AUTOS = YES_AGGRESSIVE;
				GCC_WARN_UNUSED_FUNCTION = YES;
				GCC_WARN_UNUSED_VARIABLE = YES;
				IPHONEOS_DEPLOYMENT_TARGET = 10.3;
				MTL_ENABLE_DEBUG_INFO = YES;
				ONLY_ACTIVE_ARCH = YES;
				SDKROOT = iphoneos;
				SWIFT_ACTIVE_COMPILATION_CONDITIONS = DEBUG;
				SWIFT_OPTIMIZATION_LEVEL = "-Onone";
			};
			name = Debug;
		};
		BCAF078E1E9783DE0032DC9D /* Release */ = {
			isa = XCBuildConfiguration;
			buildSettings = {
				ALWAYS_SEARCH_USER_PATHS = NO;
				CLANG_ANALYZER_NONNULL = YES;
				CLANG_ANALYZER_NUMBER_OBJECT_CONVERSION = YES_AGGRESSIVE;
				CLANG_CXX_LANGUAGE_STANDARD = "gnu++0x";
				CLANG_CXX_LIBRARY = "libc++";
				CLANG_ENABLE_MODULES = YES;
				CLANG_ENABLE_OBJC_ARC = YES;
				CLANG_WARN_BOOL_CONVERSION = YES;
				CLANG_WARN_CONSTANT_CONVERSION = YES;
				CLANG_WARN_DIRECT_OBJC_ISA_USAGE = YES_ERROR;
				CLANG_WARN_DOCUMENTATION_COMMENTS = YES;
				CLANG_WARN_EMPTY_BODY = YES;
				CLANG_WARN_ENUM_CONVERSION = YES;
				CLANG_WARN_INFINITE_RECURSION = YES;
				CLANG_WARN_INT_CONVERSION = YES;
				CLANG_WARN_OBJC_ROOT_CLASS = YES_ERROR;
				CLANG_WARN_SUSPICIOUS_MOVE = YES;
				CLANG_WARN_UNREACHABLE_CODE = YES;
				CLANG_WARN__DUPLICATE_METHOD_MATCH = YES;
				"CODE_SIGN_IDENTITY[sdk=iphoneos*]" = "iPhone Developer";
				COPY_PHASE_STRIP = NO;
				DEBUG_INFORMATION_FORMAT = "dwarf-with-dsym";
				ENABLE_NS_ASSERTIONS = NO;
				ENABLE_STRICT_OBJC_MSGSEND = YES;
				GCC_C_LANGUAGE_STANDARD = gnu99;
				GCC_NO_COMMON_BLOCKS = YES;
				GCC_WARN_64_TO_32_BIT_CONVERSION = YES;
				GCC_WARN_ABOUT_RETURN_TYPE = YES_ERROR;
				GCC_WARN_UNDECLARED_SELECTOR = YES;
				GCC_WARN_UNINITIALIZED_AUTOS = YES_AGGRESSIVE;
				GCC_WARN_UNUSED_FUNCTION = YES;
				GCC_WARN_UNUSED_VARIABLE = YES;
				IPHONEOS_DEPLOYMENT_TARGET = 10.3;
				MTL_ENABLE_DEBUG_INFO = NO;
				SDKROOT = iphoneos;
				SWIFT_OPTIMIZATION_LEVEL = "-Owholemodule";
				VALIDATE_PRODUCT = YES;
			};
			name = Release;
		};
		BCAF07901E9783DE0032DC9D /* Debug */ = {
			isa = XCBuildConfiguration;
			buildSettings = {
				ASSETCATALOG_COMPILER_APPICON_NAME = AppIcon;
				CODE_SIGN_IDENTITY = "iPhone Developer";
				DEVELOPMENT_TEAM = PCCZJUYRT6;
				INFOPLIST_FILE = "ios-photo-library-demo/Info.plist";
				IPHONEOS_DEPLOYMENT_TARGET = 10.0;
				LD_RUNPATH_SEARCH_PATHS = "$(inherited) @executable_path/Frameworks";
				PRODUCT_BUNDLE_IDENTIFIER = "jp.st-ventures.ios-photo-library-demo";
				PRODUCT_NAME = "$(TARGET_NAME)";
				SWIFT_VERSION = 3.0;
			};
			name = Debug;
		};
		BCAF07911E9783DE0032DC9D /* Release */ = {
			isa = XCBuildConfiguration;
			buildSettings = {
				ASSETCATALOG_COMPILER_APPICON_NAME = AppIcon;
				CODE_SIGN_IDENTITY = "iPhone Developer";
				DEVELOPMENT_TEAM = PCCZJUYRT6;
				INFOPLIST_FILE = "ios-photo-library-demo/Info.plist";
				IPHONEOS_DEPLOYMENT_TARGET = 10.0;
				LD_RUNPATH_SEARCH_PATHS = "$(inherited) @executable_path/Frameworks";
				PRODUCT_BUNDLE_IDENTIFIER = "jp.st-ventures.ios-photo-library-demo";
				PRODUCT_NAME = "$(TARGET_NAME)";
				SWIFT_VERSION = 3.0;
			};
			name = Release;
		};
		BCAF07931E9783DE0032DC9D /* Debug */ = {
			isa = XCBuildConfiguration;
			buildSettings = {
				ALWAYS_EMBED_SWIFT_STANDARD_LIBRARIES = YES;
				BUNDLE_LOADER = "$(TEST_HOST)";
				CODE_SIGN_IDENTITY = "iPhone Developer";
				INFOPLIST_FILE = "ios-photo-library-demoTests/Info.plist";
				LD_RUNPATH_SEARCH_PATHS = "$(inherited) @executable_path/Frameworks @loader_path/Frameworks";
				PRODUCT_BUNDLE_IDENTIFIER = "jp.st-ventures.ios-photo-library-demoTests";
				PRODUCT_NAME = "$(TARGET_NAME)";
				SWIFT_VERSION = 3.0;
				TEST_HOST = "$(BUILT_PRODUCTS_DIR)/ios-photo-library-demo.app/ios-photo-library-demo";
			};
			name = Debug;
		};
		BCAF07941E9783DE0032DC9D /* Release */ = {
			isa = XCBuildConfiguration;
			buildSettings = {
				ALWAYS_EMBED_SWIFT_STANDARD_LIBRARIES = YES;
				BUNDLE_LOADER = "$(TEST_HOST)";
				CODE_SIGN_IDENTITY = "iPhone Developer";
				INFOPLIST_FILE = "ios-photo-library-demoTests/Info.plist";
				LD_RUNPATH_SEARCH_PATHS = "$(inherited) @executable_path/Frameworks @loader_path/Frameworks";
				PRODUCT_BUNDLE_IDENTIFIER = "jp.st-ventures.ios-photo-library-demoTests";
				PRODUCT_NAME = "$(TARGET_NAME)";
				SWIFT_VERSION = 3.0;
				TEST_HOST = "$(BUILT_PRODUCTS_DIR)/ios-photo-library-demo.app/ios-photo-library-demo";
			};
			name = Release;
		};
/* End XCBuildConfiguration section */

/* Begin XCConfigurationList section */
		BCAF076D1E9783DD0032DC9D /* Build configuration list for PBXProject "ios-photo-library-demo" */ = {
			isa = XCConfigurationList;
			buildConfigurations = (
				BCAF078D1E9783DE0032DC9D /* Debug */,
				BCAF078E1E9783DE0032DC9D /* Release */,
			);
			defaultConfigurationIsVisible = 0;
			defaultConfigurationName = Release;
		};
		BCAF078F1E9783DE0032DC9D /* Build configuration list for PBXNativeTarget "ios-photo-library-demo" */ = {
			isa = XCConfigurationList;
			buildConfigurations = (
				BCAF07901E9783DE0032DC9D /* Debug */,
				BCAF07911E9783DE0032DC9D /* Release */,
			);
			defaultConfigurationIsVisible = 0;
			defaultConfigurationName = Release;
		};
		BCAF07921E9783DE0032DC9D /* Build configuration list for PBXNativeTarget "ios-photo-library-demoTests" */ = {
			isa = XCConfigurationList;
			buildConfigurations = (
				BCAF07931E9783DE0032DC9D /* Debug */,
				BCAF07941E9783DE0032DC9D /* Release */,
			);
			defaultConfigurationIsVisible = 0;
			defaultConfigurationName = Release;
		};
/* End XCConfigurationList section */
	};
	rootObject = BCAF076A1E9783DD0032DC9D /* Project object */;
}
